
Microsoft Visual Studio Solution File, Format Version 11.00
# Visual Studio 2010
Project("{FAE04EC0-301F-11D3-BF4B-00C04F79EFBC}") = "Assembly-CSharp", "Assembly-CSharp.csproj", "{88ba95e2-8b4d-f707-9a2e-e90b9b5a54bc}"
EndProject
Project("{FAE04EC0-301F-11D3-BF4B-00C04F79EFBC}") = "UnityEngine.UI", "UnityEngine.UI.csproj", "{cd7a2235-89da-46e9-829a-85f858fc7979}"
EndProject
Project("{FAE04EC0-301F-11D3-BF4B-00C04F79EFBC}") = "UnityEditor.UI", "UnityEditor.UI.csproj", "{d14d840c-0f60-e5de-3ced-1ec594afbd2e}"
EndProject
Project("{FAE04EC0-301F-11D3-BF4B-00C04F79EFBC}") = "Assembly-CSharp-Editor", "Assembly-CSharp-Editor.csproj", "{7e9281f8-2058-96c4-ae5a-4e22a265ed63}"
EndProject
Global
	GlobalSection(SolutionConfigurationPlatforms) = preSolution
		Debug|Any CPU = Debug|Any CPU
	EndGlobalSection
	GlobalSection(ProjectConfigurationPlatforms) = postSolution
		{88ba95e2-8b4d-f707-9a2e-e90b9b5a54bc}.Debug|Any CPU.ActiveCfg = Debug|Any CPU
		{88ba95e2-8b4d-f707-9a2e-e90b9b5a54bc}.Debug|Any CPU.Build.0 = Debug|Any CPU
		{cd7a2235-89da-46e9-829a-85f858fc7979}.Debug|Any CPU.ActiveCfg = Debug|Any CPU
		{cd7a2235-89da-46e9-829a-85f858fc7979}.Debug|Any CPU.Build.0 = Debug|Any CPU
		{d14d840c-0f60-e5de-3ced-1ec594afbd2e}.Debug|Any CPU.ActiveCfg = Debug|Any CPU
		{d14d840c-0f60-e5de-3ced-1ec594afbd2e}.Debug|Any CPU.Build.0 = Debug|Any CPU
		{7e9281f8-2058-96c4-ae5a-4e22a265ed63}.Debug|Any CPU.ActiveCfg = Debug|Any CPU
		{7e9281f8-2058-96c4-ae5a-4e22a265ed63}.Debug|Any CPU.Build.0 = Debug|Any CPU
	EndGlobalSection
	GlobalSection(SolutionProperties) = preSolution
		HideSolutionNode = FALSE
	EndGlobalSection
EndGlobal
